
Microsoft Visual Studio Solution File, Format Version 12.00
# Visual Studio Version 17
VisualStudioVersion = 17.7.34024.191
MinimumVisualStudioVersion = 10.0.40219.1
Project("{9A19103F-16F7-4668-BE54-9A1E7A4F7556}") = "ConsoleApp1", "ConsoleApp1\ConsoleApp1.csproj", "{14D19699-118D-4494-AAE9-F69DC269B002}"
EndProject
Project("{FAE04EC0-301F-11D3-BF4B-00C04F79EFBC}") = "WpfApp1", "WpfApp1\WpfApp1.csproj", "{29106FBF-9A78-42A9-8778-52F551397C15}"
EndProject
Global
	GlobalSection(SolutionConfigurationPlatforms) = preSolution
		Debug|Any CPU = Debug|Any CPU
		Release|Any CPU = Release|Any CPU
	EndGlobalSection
	GlobalSection(ProjectConfigurationPlatforms) = postSolution
		{14D19699-118D-4494-AAE9-F69DC269B002}.Debug|Any CPU.ActiveCfg = Debug|Any CPU
		{14D19699-118D-4494-AAE9-F69DC269B002}.Debug|Any CPU.Build.0 = Debug|Any CPU
		{14D19699-118D-4494-AAE9-F69DC269B002}.Release|Any CPU.ActiveCfg = Release|Any CPU
		{14D19699-118D-4494-AAE9-F69DC269B002}.Release|Any CPU.Build.0 = Release|Any CPU
		{29106FBF-9A78-42A9-8778-52F551397C15}.Debug|Any CPU.ActiveCfg = Debug|Any CPU
		{29106FBF-9A78-42A9-8778-52F551397C15}.Debug|Any CPU.Build.0 = Debug|Any CPU
		{29106FBF-9A78-42A9-8778-52F551397C15}.Release|Any CPU.ActiveCfg = Release|Any CPU
		{29106FBF-9A78-42A9-8778-52F551397C15}.Release|Any CPU.Build.0 = Release|Any CPU
	EndGlobalSection
	GlobalSection(SolutionProperties) = preSolution
		HideSolutionNode = FALSE
	EndGlobalSection
	GlobalSection(ExtensibilityGlobals) = postSolution
		SolutionGuid = {4C977C33-6392-423F-B977-78979076DB88}
	EndGlobalSection
EndGlobal
